
Microsoft Visual Studio Solution File, Format Version 12.00
# Visual Studio Version 17
VisualStudioVersion = 17.12.35527.113 d17.12
MinimumVisualStudioVersion = 10.0.40219.1
Project("{FAE04EC0-301F-11D3-BF4B-00C04F79EFBC}") = "InvelopContactManager.API", "InvelopContactManager\InvelopContactManager.API.csproj", "{EA22A33C-6B62-4243-9156-FF571C3CC3F3}"
EndProject
Project("{FAE04EC0-301F-11D3-BF4B-00C04F79EFBC}") = "InvelopContactManager.Domain", "InvelopContactManager.Domain\InvelopContactManager.Domain.csproj", "{59DB9DC2-CA7F-46ED-8D2E-54089372545C}"
EndProject
Project("{FAE04EC0-301F-11D3-BF4B-00C04F79EFBC}") = "InvelopContactManager.Application", "InvelopContactManager.Application\InvelopContactManager.Application.csproj", "{62570131-CD3F-44FE-B2D3-82132CB5417C}"
EndProject
Project("{FAE04EC0-301F-11D3-BF4B-00C04F79EFBC}") = "InvelopContactManager.Common", "InvelopContactManager.Common\InvelopContactManager.Common.csproj", "{C06BF61F-2DE1-4C2E-B29A-C488F06C8452}"
EndProject
Project("{FAE04EC0-301F-11D3-BF4B-00C04F79EFBC}") = "InvelopContactManager.Infrastructure", "InvelopContactManager.Infrastructure\InvelopContactManager.Infrastructure.csproj", "{A2CBA88A-FA6C-4162-A395-BB25F0A4695A}"
EndProject
Project("{FAE04EC0-301F-11D3-BF4B-00C04F79EFBC}") = "InvelopContactManager.Application.Tests", "InvelopContactManager.Application.Tests\InvelopContactManager.Application.Tests.csproj", "{5DAC4D13-AB8F-4FB4-AD69-A9999D3D05AE}"
EndProject
Global
	GlobalSection(SolutionConfigurationPlatforms) = preSolution
		Debug|Any CPU = Debug|Any CPU
		Release|Any CPU = Release|Any CPU
	EndGlobalSection
	GlobalSection(ProjectConfigurationPlatforms) = postSolution
		{EA22A33C-6B62-4243-9156-FF571C3CC3F3}.Debug|Any CPU.ActiveCfg = Debug|Any CPU
		{EA22A33C-6B62-4243-9156-FF571C3CC3F3}.Debug|Any CPU.Build.0 = Debug|Any CPU
		{EA22A33C-6B62-4243-9156-FF571C3CC3F3}.Release|Any CPU.ActiveCfg = Release|Any CPU
		{EA22A33C-6B62-4243-9156-FF571C3CC3F3}.Release|Any CPU.Build.0 = Release|Any CPU
		{59DB9DC2-CA7F-46ED-8D2E-54089372545C}.Debug|Any CPU.ActiveCfg = Debug|Any CPU
		{59DB9DC2-CA7F-46ED-8D2E-54089372545C}.Debug|Any CPU.Build.0 = Debug|Any CPU
		{59DB9DC2-CA7F-46ED-8D2E-54089372545C}.Release|Any CPU.ActiveCfg = Release|Any CPU
		{59DB9DC2-CA7F-46ED-8D2E-54089372545C}.Release|Any CPU.Build.0 = Release|Any CPU
		{62570131-CD3F-44FE-B2D3-82132CB5417C}.Debug|Any CPU.ActiveCfg = Debug|Any CPU
		{62570131-CD3F-44FE-B2D3-82132CB5417C}.Debug|Any CPU.Build.0 = Debug|Any CPU
		{62570131-CD3F-44FE-B2D3-82132CB5417C}.Release|Any CPU.ActiveCfg = Release|Any CPU
		{62570131-CD3F-44FE-B2D3-82132CB5417C}.Release|Any CPU.Build.0 = Release|Any CPU
		{C06BF61F-2DE1-4C2E-B29A-C488F06C8452}.Debug|Any CPU.ActiveCfg = Debug|Any CPU
		{C06BF61F-2DE1-4C2E-B29A-C488F06C8452}.Debug|Any CPU.Build.0 = Debug|Any CPU
		{C06BF61F-2DE1-4C2E-B29A-C488F06C8452}.Release|Any CPU.ActiveCfg = Release|Any CPU
		{C06BF61F-2DE1-4C2E-B29A-C488F06C8452}.Release|Any CPU.Build.0 = Release|Any CPU
		{A2CBA88A-FA6C-4162-A395-BB25F0A4695A}.Debug|Any CPU.ActiveCfg = Debug|Any CPU
		{A2CBA88A-FA6C-4162-A395-BB25F0A4695A}.Debug|Any CPU.Build.0 = Debug|Any CPU
		{A2CBA88A-FA6C-4162-A395-BB25F0A4695A}.Release|Any CPU.ActiveCfg = Release|Any CPU
		{A2CBA88A-FA6C-4162-A395-BB25F0A4695A}.Release|Any CPU.Build.0 = Release|Any CPU
		{5DAC4D13-AB8F-4FB4-AD69-A9999D3D05AE}.Debug|Any CPU.ActiveCfg = Debug|Any CPU
		{5DAC4D13-AB8F-4FB4-AD69-A9999D3D05AE}.Debug|Any CPU.Build.0 = Debug|Any CPU
		{5DAC4D13-AB8F-4FB4-AD69-A9999D3D05AE}.Release|Any CPU.ActiveCfg = Release|Any CPU
		{5DAC4D13-AB8F-4FB4-AD69-A9999D3D05AE}.Release|Any CPU.Build.0 = Release|Any CPU
	EndGlobalSection
	GlobalSection(SolutionProperties) = preSolution
		HideSolutionNode = FALSE
	EndGlobalSection
EndGlobal
